
Microsoft Visual Studio Solution File, Format Version 12.00
# Visual Studio Version 17
VisualStudioVersion = 17.11.35303.130
MinimumVisualStudioVersion = 10.0.40219.1
Project("{FAE04EC0-301F-11D3-BF4B-00C04F79EFBC}") = "Zane-Test2", "Zane-Test2\Zane-Test2.csproj", "{4575CC50-81EC-4EFD-81BB-E4862C30625A}"
EndProject
Global
	GlobalSection(SolutionConfigurationPlatforms) = preSolution
		Debug|Any CPU = Debug|Any CPU
		Release|Any CPU = Release|Any CPU
	EndGlobalSection
	GlobalSection(ProjectConfigurationPlatforms) = postSolution
		{4575CC50-81EC-4EFD-81BB-E4862C30625A}.Debug|Any CPU.ActiveCfg = Debug|Any CPU
		{4575CC50-81EC-4EFD-81BB-E4862C30625A}.Debug|Any CPU.Build.0 = Debug|Any CPU
		{4575CC50-81EC-4EFD-81BB-E4862C30625A}.Release|Any CPU.ActiveCfg = Release|Any CPU
		{4575CC50-81EC-4EFD-81BB-E4862C30625A}.Release|Any CPU.Build.0 = Release|Any CPU
	EndGlobalSection
	GlobalSection(SolutionProperties) = preSolution
		HideSolutionNode = FALSE
	EndGlobalSection
	GlobalSection(ExtensibilityGlobals) = postSolution
		SolutionGuid = {9BAD396E-C4FD-4BEB-B743-67B52F8E96DE}
	EndGlobalSection
EndGlobal
